
Microsoft Visual Studio Solution File, Format Version 12.00
# Visual Studio Version 17
VisualStudioVersion = 17.3.32811.315
MinimumVisualStudioVersion = 10.0.40219.1
Project("{FAE04EC0-301F-11D3-BF4B-00C04F79EFBC}") = "On-tap-PhamVanQuoc-22DH114707", "On-tap-PhamVanQuoc-22DH114707\On-tap-PhamVanQuoc-22DH114707.csproj", "{7393091E-1611-4533-8171-B45D07C6E19E}"
EndProject
Global
	GlobalSection(SolutionConfigurationPlatforms) = preSolution
		Debug|Any CPU = Debug|Any CPU
		Release|Any CPU = Release|Any CPU
	EndGlobalSection
	GlobalSection(ProjectConfigurationPlatforms) = postSolution
		{7393091E-1611-4533-8171-B45D07C6E19E}.Debug|Any CPU.ActiveCfg = Debug|Any CPU
		{7393091E-1611-4533-8171-B45D07C6E19E}.Debug|Any CPU.Build.0 = Debug|Any CPU
		{7393091E-1611-4533-8171-B45D07C6E19E}.Release|Any CPU.ActiveCfg = Release|Any CPU
		{7393091E-1611-4533-8171-B45D07C6E19E}.Release|Any CPU.Build.0 = Release|Any CPU
	EndGlobalSection
	GlobalSection(SolutionProperties) = preSolution
		HideSolutionNode = FALSE
	EndGlobalSection
	GlobalSection(ExtensibilityGlobals) = postSolution
		SolutionGuid = {4E283F0C-6E09-41D9-804E-AA2F3562036D}
	EndGlobalSection
EndGlobal
